// !$*UTF8*$!
{
	archiveVersion = 1;
	classes = {
	};
	objectVersion = 50;
	objects = {

/* Begin PBXBuildFile section */
		67425C2E25C213EF000FDB38 /* AppDelegate.swift in Sources */ = {isa = PBXBuildFile; fileRef = 67425C2D25C213EF000FDB38 /* AppDelegate.swift */; };
		67425C3025C213EF000FDB38 /* SceneDelegate.swift in Sources */ = {isa = PBXBuildFile; fileRef = 67425C2F25C213EF000FDB38 /* SceneDelegate.swift */; };
		67425C3225C213EF000FDB38 /* ViewController.swift in Sources */ = {isa = PBXBuildFile; fileRef = 67425C3125C213EF000FDB38 /* ViewController.swift */; };
		67425C3525C213EF000FDB38 /* Main.storyboard in Resources */ = {isa = PBXBuildFile; fileRef = 67425C3325C213EF000FDB38 /* Main.storyboard */; };
		67425C3725C213F0000FDB38 /* Assets.xcassets in Resources */ = {isa = PBXBuildFile; fileRef = 67425C3625C213F0000FDB38 /* Assets.xcassets */; };
		67425C3A25C213F0000FDB38 /* LaunchScreen.storyboard in Resources */ = {isa = PBXBuildFile; fileRef = 67425C3825C213F0000FDB38 /* LaunchScreen.storyboard */; };
/* End PBXBuildFile section */

/* Begin PBXFileReference section */
		67425C2A25C213EF000FDB38 /* MyTrafficLights.app */ = {isa = PBXFileReference; explicitFileType = wrapper.application; includeInIndex = 0; path = MyTrafficLights.app; sourceTree = BUILT_PRODUCTS_DIR; };
		67425C2D25C213EF000FDB38 /* AppDelegate.swift */ = {isa = PBXFileReference; lastKnownFileType = sourcecode.swift; path = AppDelegate.swift; sourceTree = "<group>"; };
		67425C2F25C213EF000FDB38 /* SceneDelegate.swift */ = {isa = PBXFileReference; lastKnownFileType = sourcecode.swift; path = SceneDelegate.swift; sourceTree = "<group>"; };
		67425C3125C213EF000FDB38 /* ViewController.swift */ = {isa = PBXFileReference; lastKnownFileType = sourcecode.swift; path = ViewController.swift; sourceTree = "<group>"; };
		67425C3425C213EF000FDB38 /* Base */ = {isa = PBXFileReference; lastKnownFileType = file.storyboard; name = Base; path = Base.lproj/Main.storyboard; sourceTree = "<group>"; };
		67425C3625C213F0000FDB38 /* Assets.xcassets */ = {isa = PBXFileReference; lastKnownFileType = folder.assetcatalog; path = Assets.xcassets; sourceTree = "<group>"; };
		67425C3925C213F0000FDB38 /* Base */ = {isa = PBXFileReference; lastKnownFileType = file.storyboard; name = Base; path = Base.lproj/LaunchScreen.storyboard; sourceTree = "<group>"; };
		67425C3B25C213F0000FDB38 /* Info.plist */ = {isa = PBXFileReference; lastKnownFileType = text.plist.xml; path = Info.plist; sourceTree = "<group>"; };
/* End PBXFileReference section */

/* Begin PBXFrameworksBuildPhase section */
		67425C2725C213EF000FDB38 /* Frameworks */ = {
			isa = PBXFrameworksBuildPhase;
			buildActionMask = 2147483647;
			files = (
			);
			runOnlyForDeploymentPostprocessing = 0;
		};
/* End PBXFrameworksBuildPhase section */

/* Begin PBXGroup section */
		67425C2125C213EF000FDB38 = {
			isa = PBXGroup;
			children = (
				67425C2C25C213EF000FDB38 /* MyTrafficLights */,
				67425C2B25C213EF000FDB38 /* Products */,
			);
			sourceTree = "<group>";
		};
		67425C2B25C213EF000FDB38 /* Products */ = {
			isa = PBXGroup;
			children = (
				67425C2A25C213EF000FDB38 /* MyTrafficLights.app */,
			);
			name = Products;
			sourceTree = "<group>";
		};
		67425C2C25C213EF000FDB38 /* MyTrafficLights */ = {
			isa = PBXGroup;
			children = (
				67425C2D25C213EF000FDB38 /* AppDelegate.swift */,
				67425C2F25C213EF000FDB38 /* SceneDelegate.swift */,
				67425C3125C213EF000FDB38 /* ViewController.swift */,
				67425C3325C213EF000FDB38 /* Main.storyboard */,
				67425C3625C213F0000FDB38 /* Assets.xcassets */,
				67425C3825C213F0000FDB38 /* LaunchScreen.storyboard */,
				67425C3B25C213F0000FDB38 /* Info.plist */,
			);
			path = MyTrafficLights;
			sourceTree = "<group>";
		};
/* End PBXGroup section */

/* Begin PBXNativeTarget section */
		67425C2925C213EF000FDB38 /* MyTrafficLights */ = {
			isa = PBXNativeTarget;
			buildConfigurationList = 67425C3E25C213F0000FDB38 /* Build configuration list for PBXNativeTarget "MyTrafficLights" */;
			buildPhases = (
				67425C2625C213EF000FDB38 /* Sources */,
				67425C2725C213EF000FDB38 /* Frameworks */,
				67425C2825C213EF000FDB38 /* Resources */,
			);
			buildRules = (
			);
			dependencies = (
			);
			name = MyTrafficLights;
			productName = MyTrafficLights;
			productReference = 67425C2A25C213EF000FDB38 /* MyTrafficLights.app */;
			productType = "com.apple.product-type.application";
		};
/* End PBXNativeTarget section */

/* Begin PBXProject section */
		67425C2225C213EF000FDB38 /* Project object */ = {
			isa = PBXProject;
			attributes = {
				LastSwiftUpdateCheck = 1220;
				LastUpgradeCheck = 1220;
				TargetAttributes = {
					67425C2925C213EF000FDB38 = {
						CreatedOnToolsVersion = 12.2;
					};
				};
			};
			buildConfigurationList = 67425C2525C213EF000FDB38 /* Build configuration list for PBXProject "MyTrafficLights" */;
			compatibilityVersion = "Xcode 9.3";
			developmentRegion = en;
			hasScannedForEncodings = 0;
			knownRegions = (
				en,
				Base,
			);
			mainGroup = 67425C2125C213EF000FDB38;
			productRefGroup = 67425C2B25C213EF000FDB38 /* Products */;
			projectDirPath = "";
			projectRoot = "";
			targets = (
				67425C2925C213EF000FDB38 /* MyTrafficLights */,
			);
		};
/* End PBXProject section */

/* Begin PBXResourcesBuildPhase section */
		67425C2825C213EF000FDB38 /* Resources */ = {
			isa = PBXResourcesBuildPhase;
			buildActionMask = 2147483647;
			files = (
				67425C3A25C213F0000FDB38 /* LaunchScreen.storyboard in Resources */,
				67425C3725C213F0000FDB38 /* Assets.xcassets in Resources */,
				67425C3525C213EF000FDB38 /* Main.storyboard in Resources */,
			);
			runOnlyForDeploymentPostprocessing = 0;
		};
/* End PBXResourcesBuildPhase section */

/* Begin PBXSourcesBuildPhase section */
		67425C2625C213EF000FDB38 /* Sources */ = {
			isa = PBXSourcesBuildPhase;
			buildActionMask = 2147483647;
			files = (
				67425C3225C213EF000FDB38 /* ViewController.swift in Sources */,
				67425C2E25C213EF000FDB38 /* AppDelegate.swift in Sources */,
				67425C3025C213EF000FDB38 /* SceneDelegate.swift in Sources */,
			);
			runOnlyForDeploymentPostprocessing = 0;
		};
/* End PBXSourcesBuildPhase section */

/* Begin PBXVariantGroup section */
		67425C3325C213EF000FDB38 /* Main.storyboard */ = {
			isa = PBXVariantGroup;
			children = (
				67425C3425C213EF000FDB38 /* Base */,
			);
			name = Main.storyboard;
			sourceTree = "<group>";
		};
		67425C3825C213F0000FDB38 /* LaunchScreen.storyboard */ = {
			isa = PBXVariantGroup;
			children = (
				67425C3925C213F0000FDB38 /* Base */,
			);
			name = LaunchScreen.storyboard;
			sourceTree = "<group>";
		};
/* End PBXVariantGroup section */

/* Begin XCBuildConfiguration section */
		67425C3C25C213F0000FDB38 /* Debug */ = {
			isa = XCBuildConfiguration;
			buildSettings = {
				ALWAYS_SEARCH_USER_PATHS = NO;
				CLANG_ANALYZER_NONNULL = YES;
				CLANG_ANALYZER_NUMBER_OBJECT_CONVERSION = YES_AGGRESSIVE;
				CLANG_CXX_LANGUAGE_STANDARD = "gnu++14";
				CLANG_CXX_LIBRARY = "libc++";
				CLANG_ENABLE_MODULES = YES;
				CLANG_ENABLE_OBJC_ARC = YES;
				CLANG_ENABLE_OBJC_WEAK = YES;
				CLANG_WARN_BLOCK_CAPTURE_AUTORELEASING = YES;
				CLANG_WARN_BOOL_CONVERSION = YES;
				CLANG_WARN_COMMA = YES;
				CLANG_WARN_CONSTANT_CONVERSION = YES;
				CLANG_WARN_DEPRECATED_OBJC_IMPLEMENTATIONS = YES;
				CLANG_WARN_DIRECT_OBJC_ISA_USAGE = YES_ERROR;
				CLANG_WARN_DOCUMENTATION_COMMENTS = YES;
				CLANG_WARN_EMPTY_BODY = YES;
				CLANG_WARN_ENUM_CONVERSION = YES;
				CLANG_WARN_INFINITE_RECURSION = YES;
				CLANG_WARN_INT_CONVERSION = YES;
				CLANG_WARN_NON_LITERAL_NULL_CONVERSION = YES;
				CLANG_WARN_OBJC_IMPLICIT_RETAIN_SELF = YES;
				CLANG_WARN_OBJC_LITERAL_CONVERSION = YES;
				CLANG_WARN_OBJC_ROOT_CLASS = YES_ERROR;
				CLANG_WARN_QUOTED_INCLUDE_IN_FRAMEWORK_HEADER = YES;
				CLANG_WARN_RANGE_LOOP_ANALYSIS = YES;
				CLANG_WARN_STRICT_PROTOTYPES = YES;
				CLANG_WARN_SUSPICIOUS_MOVE = YES;
				CLANG_WARN_UNGUARDED_AVAILABILITY = YES_AGGRESSIVE;
				CLANG_WARN_UNREACHABLE_CODE = YES;
				CLANG_WARN__DUPLICATE_METHOD_MATCH = YES;
				COPY_PHASE_STRIP = NO;
				DEBUG_INFORMATION_FORMAT = dwarf;
				ENABLE_STRICT_OBJC_MSGSEND = YES;
				ENABLE_TESTABILITY = YES;
				GCC_C_LANGUAGE_STANDARD = gnu11;
				GCC_DYNAMIC_NO_PIC = NO;
				GCC_NO_COMMON_BLOCKS = YES;
				GCC_OPTIMIZATION_LEVEL = 0;
				GCC_PREPROCESSOR_DEFINITIONS = (
					"DEBUG=1",
					"$(inherited)",
				);
				GCC_WARN_64_TO_32_BIT_CONVERSION = YES;
				GCC_WARN_ABOUT_RETURN_TYPE = YES_ERROR;
				GCC_WARN_UNDECLARED_SELECTOR = YES;
				GCC_WARN_UNINITIALIZED_AUTOS = YES_AGGRESSIVE;
				GCC_WARN_UNUSED_FUNCTION = YES;
				GCC_WARN_UNUSED_VARIABLE = YES;
				IPHONEOS_DEPLOYMENT_TARGET = 14.2;
				MTL_ENABLE_DEBUG_INFO = INCLUDE_SOURCE;
				MTL_FAST_MATH = YES;
				ONLY_ACTIVE_ARCH = YES;
				SDKROOT = iphoneos;
				SWIFT_ACTIVE_COMPILATION_CONDITIONS = DEBUG;
				SWIFT_OPTIMIZATION_LEVEL = "-Onone";
			};
			name = Debug;
		};
		67425C3D25C213F0000FDB38 /* Release */ = {
			isa = XCBuildConfiguration;
			buildSettings = {
				ALWAYS_SEARCH_USER_PATHS = NO;
				CLANG_ANALYZER_NONNULL = YES;
				CLANG_ANALYZER_NUMBER_OBJECT_CONVERSION = YES_AGGRESSIVE;
				CLANG_CXX_LANGUAGE_STANDARD = "gnu++14";
				CLANG_CXX_LIBRARY = "libc++";
				CLANG_ENABLE_MODULES = YES;
				CLANG_ENABLE_OBJC_ARC = YES;
				CLANG_ENABLE_OBJC_WEAK = YES;
				CLANG_WARN_BLOCK_CAPTURE_AUTORELEASING = YES;
				CLANG_WARN_BOOL_CONVERSION = YES;
				CLANG_WARN_COMMA = YES;
				CLANG_WARN_CONSTANT_CONVERSION = YES;
				CLANG_WARN_DEPRECATED_OBJC_IMPLEMENTATIONS = YES;
				CLANG_WARN_DIRECT_OBJC_ISA_USAGE = YES_ERROR;
				CLANG_WARN_DOCUMENTATION_COMMENTS = YES;
				CLANG_WARN_EMPTY_BODY = YES;
				CLANG_WARN_ENUM_CONVERSION = YES;
				CLANG_WARN_INFINITE_RECURSION = YES;
				CLANG_WARN_INT_CONVERSION = YES;
				CLANG_WARN_NON_LITERAL_NULL_CONVERSION = YES;
				CLANG_WARN_OBJC_IMPLICIT_RETAIN_SELF = YES;
				CLANG_WARN_OBJC_LITERAL_CONVERSION = YES;
				CLANG_WARN_OBJC_ROOT_CLASS = YES_ERROR;
				CLANG_WARN_QUOTED_INCLUDE_IN_FRAMEWORK_HEADER = YES;
				CLANG_WARN_RANGE_LOOP_ANALYSIS = YES;
				CLANG_WARN_STRICT_PROTOTYPES = YES;
				CLANG_WARN_SUSPICIOUS_MOVE = YES;
				CLANG_WARN_UNGUARDED_AVAILABILITY = YES_AGGRESSIVE;
				CLANG_WARN_UNREACHABLE_CODE = YES;
				CLANG_WARN__DUPLICATE_METHOD_MATCH = YES;
				COPY_PHASE_STRIP = NO;
				DEBUG_INFORMATION_FORMAT = "dwarf-with-dsym";
				ENABLE_NS_ASSERTIONS = NO;
				ENABLE_STRICT_OBJC_MSGSEND = YES;
				GCC_C_LANGUAGE_STANDARD = gnu11;
				GCC_NO_COMMON_BLOCKS = YES;
				GCC_WARN_64_TO_32_BIT_CONVERSION = YES;
				GCC_WARN_ABOUT_RETURN_TYPE = YES_ERROR;
				GCC_WARN_UNDECLARED_SELECTOR = YES;
				GCC_WARN_UNINITIALIZED_AUTOS = YES_AGGRESSIVE;
				GCC_WARN_UNUSED_FUNCTION = YES;
				GCC_WARN_UNUSED_VARIABLE = YES;
				IPHONEOS_DEPLOYMENT_TARGET = 14.2;
				MTL_ENABLE_DEBUG_INFO = NO;
				MTL_FAST_MATH = YES;
				SDKROOT = iphoneos;
				SWIFT_COMPILATION_MODE = wholemodule;
				SWIFT_OPTIMIZATION_LEVEL = "-O";
				VALIDATE_PRODUCT = YES;
			};
			name = Release;
		};
		67425C3F25C213F0000FDB38 /* Debug */ = {
			isa = XCBuildConfiguration;
			buildSettings = {
				ASSETCATALOG_COMPILER_APPICON_NAME = AppIcon;
				ASSETCATALOG_COMPILER_GLOBAL_ACCENT_COLOR_NAME = AccentColor;
				CODE_SIGN_STYLE = Automatic;
				DEVELOPMENT_TEAM = D8C7N2PLY3;
				INFOPLIST_FILE = MyTrafficLights/Info.plist;
				LD_RUNPATH_SEARCH_PATHS = (
					"$(inherited)",
					"@executable_path/Frameworks",
				);
				PRODUCT_BUNDLE_IDENTIFIER = com.albertRazhapov.MyTrafficLights;
				PRODUCT_NAME = "$(TARGET_NAME)";
				SWIFT_VERSION = 5.0;
				TARGETED_DEVICE_FAMILY = "1,2";
			};
			name = Debug;
		};
		67425C4025C213F0000FDB38 /* Release */ = {
			isa = XCBuildConfiguration;
			buildSettings = {
				ASSETCATALOG_COMPILER_APPICON_NAME = AppIcon;
				ASSETCATALOG_COMPILER_GLOBAL_ACCENT_COLOR_NAME = AccentColor;
				CODE_SIGN_STYLE = Automatic;
				DEVELOPMENT_TEAM = D8C7N2PLY3;
				INFOPLIST_FILE = MyTrafficLights/Info.plist;
				LD_RUNPATH_SEARCH_PATHS = (
					"$(inherited)",
					"@executable_path/Frameworks",
				);
				PRODUCT_BUNDLE_IDENTIFIER = com.albertRazhapov.MyTrafficLights;
				PRODUCT_NAME = "$(TARGET_NAME)";
				SWIFT_VERSION = 5.0;
				TARGETED_DEVICE_FAMILY = "1,2";
			};
			name = Release;
		};
/* End XCBuildConfiguration section */

/* Begin XCConfigurationList section */
		67425C2525C213EF000FDB38 /* Build configuration list for PBXProject "MyTrafficLights" */ = {
			isa = XCConfigurationList;
			buildConfigurations = (
				67425C3C25C213F0000FDB38 /* Debug */,
				67425C3D25C213F0000FDB38 /* Release */,
			);
			defaultConfigurationIsVisible = 0;
			defaultConfigurationName = Release;
		};
		67425C3E25C213F0000FDB38 /* Build configuration list for PBXNativeTarget "MyTrafficLights" */ = {
			isa = XCConfigurationList;
			buildConfigurations = (
				67425C3F25C213F0000FDB38 /* Debug */,
				67425C4025C213F0000FDB38 /* Release */,
			);
			defaultConfigurationIsVisible = 0;
			defaultConfigurationName = Release;
		};
/* End XCConfigurationList section */
	};
	rootObject = 67425C2225C213EF000FDB38 /* Project object */;
}
